
Microsoft Visual Studio Solution File, Format Version 12.00
# Visual Studio Version 16
VisualStudioVersion = 16.0.31828.109
MinimumVisualStudioVersion = 10.0.40219.1
Project("{FAE04EC0-301F-11D3-BF4B-00C04F79EFBC}") = "WinFormsAppCreateRequest", "WinFormsAppCreateRequest\WinFormsAppCreateRequest.csproj", "{DEA85222-FC95-4ED4-B912-45D013F13279}"
EndProject
Global
	GlobalSection(SolutionConfigurationPlatforms) = preSolution
		Debug|Any CPU = Debug|Any CPU
		Release|Any CPU = Release|Any CPU
	EndGlobalSection
	GlobalSection(ProjectConfigurationPlatforms) = postSolution
		{DEA85222-FC95-4ED4-B912-45D013F13279}.Debug|Any CPU.ActiveCfg = Debug|Any CPU
		{DEA85222-FC95-4ED4-B912-45D013F13279}.Debug|Any CPU.Build.0 = Debug|Any CPU
		{DEA85222-FC95-4ED4-B912-45D013F13279}.Release|Any CPU.ActiveCfg = Release|Any CPU
		{DEA85222-FC95-4ED4-B912-45D013F13279}.Release|Any CPU.Build.0 = Release|Any CPU
	EndGlobalSection
	GlobalSection(SolutionProperties) = preSolution
		HideSolutionNode = FALSE
	EndGlobalSection
	GlobalSection(ExtensibilityGlobals) = postSolution
		SolutionGuid = {7CFAD932-6D93-468B-9B7F-16C95933605F}
	EndGlobalSection
EndGlobal
